PODS:
  - GoogleMaps (2.6.0):
    - GoogleMaps/Maps (= 2.6.0)
  - GoogleMaps/Base (2.6.0)
  - GoogleMaps/M4B (2.6.0):
    - GoogleMaps/Maps
  - GoogleMaps/Maps (2.6.0):
    - GoogleMaps/Base
  - GooglePlaces (2.6.0):
    - GoogleMaps/Base (= 2.6.0)

DEPENDENCIES:
  - GoogleMaps
  - GoogleMaps/M4B
  - GooglePlaces

SPEC REPOS:
  https://github.com/cocoapods/specs.git:
    - GoogleMaps
    - GooglePlaces

SPEC CHECKSUMS:
  GoogleMaps: 42f91c68b7fa2f84d5c86597b18ceb99f5414c7f
  GooglePlaces: f6ddf33b75cef69e888907d9947c57198ed845f3

PODFILE CHECKSUM: 5ff23199037795614eed68c31d70f5abc2b0be26

COCOAPODS: 1.5.2
